
Microsoft Visual Studio Solution File, Format Version 12.00
# Visual Studio 2012
Project("{FAE04EC0-301F-11D3-BF4B-00C04F79EFBC}") = "YahooForm", "YahooForm\YahooForm.csproj", "{3365C2B5-7C27-4AE6-AD14-936A9CF5EB97}"
EndProject
Project("{FAE04EC0-301F-11D3-BF4B-00C04F79EFBC}") = "Test", "Test\Test.csproj", "{4B7203F6-CB15-4DE9-A68E-B0AB896F78D7}"
EndProject
Global
	GlobalSection(SolutionConfigurationPlatforms) = preSolution
		Debug|Any CPU = Debug|Any CPU
		Release|Any CPU = Release|Any CPU
	EndGlobalSection
	GlobalSection(ProjectConfigurationPlatforms) = postSolution
		{3365C2B5-7C27-4AE6-AD14-936A9CF5EB97}.Debug|Any CPU.ActiveCfg = Debug|Any CPU
		{3365C2B5-7C27-4AE6-AD14-936A9CF5EB97}.Debug|Any CPU.Build.0 = Debug|Any CPU
		{3365C2B5-7C27-4AE6-AD14-936A9CF5EB97}.Release|Any CPU.ActiveCfg = Release|Any CPU
		{3365C2B5-7C27-4AE6-AD14-936A9CF5EB97}.Release|Any CPU.Build.0 = Release|Any CPU
		{4B7203F6-CB15-4DE9-A68E-B0AB896F78D7}.Debug|Any CPU.ActiveCfg = Debug|Any CPU
		{4B7203F6-CB15-4DE9-A68E-B0AB896F78D7}.Debug|Any CPU.Build.0 = Debug|Any CPU
		{4B7203F6-CB15-4DE9-A68E-B0AB896F78D7}.Release|Any CPU.ActiveCfg = Release|Any CPU
		{4B7203F6-CB15-4DE9-A68E-B0AB896F78D7}.Release|Any CPU.Build.0 = Release|Any CPU
	EndGlobalSection
	GlobalSection(SolutionProperties) = preSolution
		HideSolutionNode = FALSE
	EndGlobalSection
EndGlobal
